
Microsoft Visual Studio Solution File, Format Version 12.00
# Visual Studio Version 17
VisualStudioVersion = 17.7.34024.191
MinimumVisualStudioVersion = 10.0.40219.1
Project("{9A19103F-16F7-4668-BE54-9A1E7A4F7556}") = "DataAccessObjects", "DataAccessObjects\DataAccessObjects.csproj", "{78A4A52F-1A06-4AAF-99B1-9E7A85FC8858}"
EndProject
Project("{9A19103F-16F7-4668-BE54-9A1E7A4F7556}") = "BusinessObjects", "BusinessObjects\BusinessObjects.csproj", "{27FF03FB-6867-4B9B-82DB-B15E311043E6}"
EndProject
Project("{9A19103F-16F7-4668-BE54-9A1E7A4F7556}") = "Repositories", "Repositories\Repositories.csproj", "{733F39F1-36FC-4BEA-99B2-296A8464B2F4}"
EndProject
Project("{9A19103F-16F7-4668-BE54-9A1E7A4F7556}") = "ProjectManagementWinApp_NguyenPhanManhKhai", "ProjectManagementWinApp_NguyenPhanManhKhai\ProjectManagementWinApp_NguyenPhanManhKhai.csproj", "{816F21C5-67E8-4A9F-BB92-B54A06254F7E}"
EndProject
Global
	GlobalSection(SolutionConfigurationPlatforms) = preSolution
		Debug|Any CPU = Debug|Any CPU
		Release|Any CPU = Release|Any CPU
	EndGlobalSection
	GlobalSection(ProjectConfigurationPlatforms) = postSolution
		{78A4A52F-1A06-4AAF-99B1-9E7A85FC8858}.Debug|Any CPU.ActiveCfg = Debug|Any CPU
		{78A4A52F-1A06-4AAF-99B1-9E7A85FC8858}.Debug|Any CPU.Build.0 = Debug|Any CPU
		{78A4A52F-1A06-4AAF-99B1-9E7A85FC8858}.Release|Any CPU.ActiveCfg = Release|Any CPU
		{78A4A52F-1A06-4AAF-99B1-9E7A85FC8858}.Release|Any CPU.Build.0 = Release|Any CPU
		{27FF03FB-6867-4B9B-82DB-B15E311043E6}.Debug|Any CPU.ActiveCfg = Debug|Any CPU
		{27FF03FB-6867-4B9B-82DB-B15E311043E6}.Debug|Any CPU.Build.0 = Debug|Any CPU
		{27FF03FB-6867-4B9B-82DB-B15E311043E6}.Release|Any CPU.ActiveCfg = Release|Any CPU
		{27FF03FB-6867-4B9B-82DB-B15E311043E6}.Release|Any CPU.Build.0 = Release|Any CPU
		{733F39F1-36FC-4BEA-99B2-296A8464B2F4}.Debug|Any CPU.ActiveCfg = Debug|Any CPU
		{733F39F1-36FC-4BEA-99B2-296A8464B2F4}.Debug|Any CPU.Build.0 = Debug|Any CPU
		{733F39F1-36FC-4BEA-99B2-296A8464B2F4}.Release|Any CPU.ActiveCfg = Release|Any CPU
		{733F39F1-36FC-4BEA-99B2-296A8464B2F4}.Release|Any CPU.Build.0 = Release|Any CPU
		{816F21C5-67E8-4A9F-BB92-B54A06254F7E}.Debug|Any CPU.ActiveCfg = Debug|Any CPU
		{816F21C5-67E8-4A9F-BB92-B54A06254F7E}.Debug|Any CPU.Build.0 = Debug|Any CPU
		{816F21C5-67E8-4A9F-BB92-B54A06254F7E}.Release|Any CPU.ActiveCfg = Release|Any CPU
		{816F21C5-67E8-4A9F-BB92-B54A06254F7E}.Release|Any CPU.Build.0 = Release|Any CPU
	EndGlobalSection
	GlobalSection(SolutionProperties) = preSolution
		HideSolutionNode = FALSE
	EndGlobalSection
	GlobalSection(ExtensibilityGlobals) = postSolution
		SolutionGuid = {C5413E91-1039-4E2D-9254-C0111B1800E8}
	EndGlobalSection
EndGlobal
